# THIS IS AN AUTOGENERATED FILE. DO NOT EDIT THIS FILE DIRECTLY.
# yarn lockfile v1


deno_ls_plugin@^0.1.0:
  version "0.1.0"
  resolved "https://registry.yarnpkg.com/deno_ls_plugin/-/deno_ls_plugin-0.1.0.tgz#1c9cfdc7e550eb45d59fce3109a9205a0db96b54"
  integrity sha512-mUV2q6Alx3p1B21R5yVIc/wmeCcPftz/CcbsY0kbV/djyFRLZU/Gqmn6sqvMCm2zb+suHinPE99QhySIFuz5hw==

typescript@3.2.2:
  version "3.2.2"
  resolved "https://registry.yarnpkg.com/typescript/-/typescript-3.2.2.tgz#fe8101c46aa123f8353523ebdcf5730c2ae493e5"
  integrity sha512-VCj5UiSyHBjwfYacmDuc/NOk4QQixbE+Wn7MFJuS0nRuPQbof132Pw4u53dm264O8LPc2MVsc7RJNml5szurkg==
